
Microsoft Visual Studio Solution File, Format Version 12.00
# Visual Studio Version 16
VisualStudioVersion = 16.0.28729.10
MinimumVisualStudioVersion = 10.0.40219.1
Project("{FAE04EC0-301F-11D3-BF4B-00C04F79EFBC}") = "BanHang0.1", "BanHang0.1.csproj", "{08051884-2DE2-49CA-9368-DC1ABA2F27E6}"
EndProject
Global
	GlobalSection(SolutionConfigurationPlatforms) = preSolution
		Debug|Any CPU = Debug|Any CPU
		Release|Any CPU = Release|Any CPU
	EndGlobalSection
	GlobalSection(ProjectConfigurationPlatforms) = postSolution
		{08051884-2DE2-49CA-9368-DC1ABA2F27E6}.Debug|Any CPU.ActiveCfg = Debug|Any CPU
		{08051884-2DE2-49CA-9368-DC1ABA2F27E6}.Debug|Any CPU.Build.0 = Debug|Any CPU
		{08051884-2DE2-49CA-9368-DC1ABA2F27E6}.Release|Any CPU.ActiveCfg = Release|Any CPU
		{08051884-2DE2-49CA-9368-DC1ABA2F27E6}.Release|Any CPU.Build.0 = Release|Any CPU
	EndGlobalSection
	GlobalSection(SolutionProperties) = preSolution
		HideSolutionNode = FALSE
	EndGlobalSection
	GlobalSection(ExtensibilityGlobals) = postSolution
		SolutionGuid = {9FF3914C-B9AA-40E6-B163-17E401C49096}
	EndGlobalSection
EndGlobal
